
Microsoft Visual Studio Solution File, Format Version 12.00
# Visual Studio Version 16
VisualStudioVersion = 16.0.30413.136
MinimumVisualStudioVersion = 10.0.40219.1
Project("{9A19103F-16F7-4668-BE54-9A1E7A4F7556}") = "HomeLib", "HomeLib\HomeLib.csproj", "{22138D15-7A78-43AB-98E3-CAEE50F1AC87}"
EndProject
Project("{9A19103F-16F7-4668-BE54-9A1E7A4F7556}") = "HomeLibServices", "HomeLibServices\HomeLibServices.csproj", "{9281203A-1277-4B26-82CB-A66A9CE74E7A}"
EndProject
Project("{FAE04EC0-301F-11D3-BF4B-00C04F79EFBC}") = "HomeLibApi", "HomeLibApi\HomeLibApi.csproj", "{4C58CECA-CA2C-4E37-A50B-E84DFC8246DD}"
EndProject
Global
	GlobalSection(SolutionConfigurationPlatforms) = preSolution
		Debug|Any CPU = Debug|Any CPU
		Debug|x64 = Debug|x64
		Release|Any CPU = Release|Any CPU
		Release|x64 = Release|x64
	EndGlobalSection
	GlobalSection(ProjectConfigurationPlatforms) = postSolution
		{22138D15-7A78-43AB-98E3-CAEE50F1AC87}.Debug|Any CPU.ActiveCfg = Debug|Any CPU
		{22138D15-7A78-43AB-98E3-CAEE50F1AC87}.Debug|Any CPU.Build.0 = Debug|Any CPU
		{22138D15-7A78-43AB-98E3-CAEE50F1AC87}.Debug|x64.ActiveCfg = Debug|Any CPU
		{22138D15-7A78-43AB-98E3-CAEE50F1AC87}.Debug|x64.Build.0 = Debug|Any CPU
		{22138D15-7A78-43AB-98E3-CAEE50F1AC87}.Release|Any CPU.ActiveCfg = Release|Any CPU
		{22138D15-7A78-43AB-98E3-CAEE50F1AC87}.Release|Any CPU.Build.0 = Release|Any CPU
		{22138D15-7A78-43AB-98E3-CAEE50F1AC87}.Release|x64.ActiveCfg = Release|x64
		{22138D15-7A78-43AB-98E3-CAEE50F1AC87}.Release|x64.Build.0 = Release|x64
		{9281203A-1277-4B26-82CB-A66A9CE74E7A}.Debug|Any CPU.ActiveCfg = Debug|Any CPU
		{9281203A-1277-4B26-82CB-A66A9CE74E7A}.Debug|Any CPU.Build.0 = Debug|Any CPU
		{9281203A-1277-4B26-82CB-A66A9CE74E7A}.Debug|x64.ActiveCfg = Debug|Any CPU
		{9281203A-1277-4B26-82CB-A66A9CE74E7A}.Debug|x64.Build.0 = Debug|Any CPU
		{9281203A-1277-4B26-82CB-A66A9CE74E7A}.Release|Any CPU.ActiveCfg = Release|Any CPU
		{9281203A-1277-4B26-82CB-A66A9CE74E7A}.Release|Any CPU.Build.0 = Release|Any CPU
		{9281203A-1277-4B26-82CB-A66A9CE74E7A}.Release|x64.ActiveCfg = Release|Any CPU
		{9281203A-1277-4B26-82CB-A66A9CE74E7A}.Release|x64.Build.0 = Release|Any CPU
		{4C58CECA-CA2C-4E37-A50B-E84DFC8246DD}.Debug|Any CPU.ActiveCfg = Debug|Any CPU
		{4C58CECA-CA2C-4E37-A50B-E84DFC8246DD}.Debug|Any CPU.Build.0 = Debug|Any CPU
		{4C58CECA-CA2C-4E37-A50B-E84DFC8246DD}.Debug|x64.ActiveCfg = Debug|Any CPU
		{4C58CECA-CA2C-4E37-A50B-E84DFC8246DD}.Debug|x64.Build.0 = Debug|Any CPU
		{4C58CECA-CA2C-4E37-A50B-E84DFC8246DD}.Release|Any CPU.ActiveCfg = Release|Any CPU
		{4C58CECA-CA2C-4E37-A50B-E84DFC8246DD}.Release|Any CPU.Build.0 = Release|Any CPU
		{4C58CECA-CA2C-4E37-A50B-E84DFC8246DD}.Release|x64.ActiveCfg = Release|Any CPU
		{4C58CECA-CA2C-4E37-A50B-E84DFC8246DD}.Release|x64.Build.0 = Release|Any CPU
	EndGlobalSection
	GlobalSection(SolutionProperties) = preSolution
		HideSolutionNode = FALSE
	EndGlobalSection
	GlobalSection(ExtensibilityGlobals) = postSolution
		SolutionGuid = {FC8A5353-9957-4BF7-B96A-87840D3F9AF7}
	EndGlobalSection
EndGlobal
